
Microsoft Visual Studio Solution File, Format Version 12.00
# Visual Studio Version 16
VisualStudioVersion = 16.0.29215.179
MinimumVisualStudioVersion = 10.0.40219.1
Project("{9A19103F-16F7-4668-BE54-9A1E7A4F7556}") = "GoogleApiTest", "GoogleApiTest\GoogleApiTest.csproj", "{071381DD-4680-4FD9-9271-3EB93B903134}"
EndProject
Project("{9A19103F-16F7-4668-BE54-9A1E7A4F7556}") = "GooglePhotoWallpaperREST", "GooglePhotoWallpaperREST\GooglePhotoWallpaperREST.csproj", "{E954EA54-92F7-424B-BEF4-08BC58DBBDF9}"
EndProject
Project("{FAE04EC0-301F-11D3-BF4B-00C04F79EFBC}") = "GooglePhotoWallpaperGUI", "GooglePhotoWallpaperGUI\GooglePhotoWallpaperGUI.csproj", "{0A9F45E5-9C35-45A2-A8DD-C2DB9C9EF4B8}"
EndProject
Project("{FAE04EC0-301F-11D3-BF4B-00C04F79EFBC}") = "Wallpaper", "Wallpaper\Wallpaper.csproj", "{FBB3DE43-CC47-4532-B8DE-62F6E6BA1E83}"
EndProject
Global
	GlobalSection(SolutionConfigurationPlatforms) = preSolution
		Debug|Any CPU = Debug|Any CPU
		Release|Any CPU = Release|Any CPU
	EndGlobalSection
	GlobalSection(ProjectConfigurationPlatforms) = postSolution
		{071381DD-4680-4FD9-9271-3EB93B903134}.Debug|Any CPU.ActiveCfg = Debug|Any CPU
		{071381DD-4680-4FD9-9271-3EB93B903134}.Debug|Any CPU.Build.0 = Debug|Any CPU
		{071381DD-4680-4FD9-9271-3EB93B903134}.Release|Any CPU.ActiveCfg = Release|Any CPU
		{071381DD-4680-4FD9-9271-3EB93B903134}.Release|Any CPU.Build.0 = Release|Any CPU
		{E954EA54-92F7-424B-BEF4-08BC58DBBDF9}.Debug|Any CPU.ActiveCfg = Debug|Any CPU
		{E954EA54-92F7-424B-BEF4-08BC58DBBDF9}.Debug|Any CPU.Build.0 = Debug|Any CPU
		{E954EA54-92F7-424B-BEF4-08BC58DBBDF9}.Release|Any CPU.ActiveCfg = Release|Any CPU
		{E954EA54-92F7-424B-BEF4-08BC58DBBDF9}.Release|Any CPU.Build.0 = Release|Any CPU
		{0A9F45E5-9C35-45A2-A8DD-C2DB9C9EF4B8}.Debug|Any CPU.ActiveCfg = Debug|Any CPU
		{0A9F45E5-9C35-45A2-A8DD-C2DB9C9EF4B8}.Debug|Any CPU.Build.0 = Debug|Any CPU
		{0A9F45E5-9C35-45A2-A8DD-C2DB9C9EF4B8}.Release|Any CPU.ActiveCfg = Release|Any CPU
		{0A9F45E5-9C35-45A2-A8DD-C2DB9C9EF4B8}.Release|Any CPU.Build.0 = Release|Any CPU
		{FBB3DE43-CC47-4532-B8DE-62F6E6BA1E83}.Debug|Any CPU.ActiveCfg = Debug|Any CPU
		{FBB3DE43-CC47-4532-B8DE-62F6E6BA1E83}.Debug|Any CPU.Build.0 = Debug|Any CPU
		{FBB3DE43-CC47-4532-B8DE-62F6E6BA1E83}.Release|Any CPU.ActiveCfg = Release|Any CPU
		{FBB3DE43-CC47-4532-B8DE-62F6E6BA1E83}.Release|Any CPU.Build.0 = Release|Any CPU
	EndGlobalSection
	GlobalSection(SolutionProperties) = preSolution
		HideSolutionNode = FALSE
	EndGlobalSection
	GlobalSection(ExtensibilityGlobals) = postSolution
		SolutionGuid = {13805261-B3C0-41DE-BC4F-E906C2364096}
	EndGlobalSection
EndGlobal
